
Microsoft Visual Studio Solution File, Format Version 12.00
# Visual Studio Version 17
VisualStudioVersion = 17.4.33205.214
MinimumVisualStudioVersion = 10.0.40219.1
Project("{FAE04EC0-301F-11D3-BF4B-00C04F79EFBC}") = "ai7", "ai7\ai7.csproj", "{DBECDDA6-E614-4EF0-BE7B-03A6D4FF0FDE}"
EndProject
Global
	GlobalSection(SolutionConfigurationPlatforms) = preSolution
		Debug|Any CPU = Debug|Any CPU
		Release|Any CPU = Release|Any CPU
	EndGlobalSection
	GlobalSection(ProjectConfigurationPlatforms) = postSolution
		{DBECDDA6-E614-4EF0-BE7B-03A6D4FF0FDE}.Debug|Any CPU.ActiveCfg = Debug|Any CPU
		{DBECDDA6-E614-4EF0-BE7B-03A6D4FF0FDE}.Debug|Any CPU.Build.0 = Debug|Any CPU
		{DBECDDA6-E614-4EF0-BE7B-03A6D4FF0FDE}.Release|Any CPU.ActiveCfg = Release|Any CPU
		{DBECDDA6-E614-4EF0-BE7B-03A6D4FF0FDE}.Release|Any CPU.Build.0 = Release|Any CPU
	EndGlobalSection
	GlobalSection(SolutionProperties) = preSolution
		HideSolutionNode = FALSE
	EndGlobalSection
	GlobalSection(ExtensibilityGlobals) = postSolution
		SolutionGuid = {91120A98-5376-4348-BF2B-CE098600B9E7}
	EndGlobalSection
EndGlobal
