
Microsoft Visual Studio Solution File, Format Version 12.00
# Visual Studio Version 17
VisualStudioVersion = 17.4.33205.214
MinimumVisualStudioVersion = 10.0.40219.1
Project("{FAE04EC0-301F-11D3-BF4B-00C04F79EFBC}") = "AI_lab2", "AI_lab2\AI_lab2.csproj", "{2EB5013A-3240-42D8-996A-9A57ED9C6FCA}"
EndProject
Global
	GlobalSection(SolutionConfigurationPlatforms) = preSolution
		Debug|Any CPU = Debug|Any CPU
		Release|Any CPU = Release|Any CPU
	EndGlobalSection
	GlobalSection(ProjectConfigurationPlatforms) = postSolution
		{2EB5013A-3240-42D8-996A-9A57ED9C6FCA}.Debug|Any CPU.ActiveCfg = Debug|Any CPU
		{2EB5013A-3240-42D8-996A-9A57ED9C6FCA}.Debug|Any CPU.Build.0 = Debug|Any CPU
		{2EB5013A-3240-42D8-996A-9A57ED9C6FCA}.Release|Any CPU.ActiveCfg = Release|Any CPU
		{2EB5013A-3240-42D8-996A-9A57ED9C6FCA}.Release|Any CPU.Build.0 = Release|Any CPU
	EndGlobalSection
	GlobalSection(SolutionProperties) = preSolution
		HideSolutionNode = FALSE
	EndGlobalSection
	GlobalSection(ExtensibilityGlobals) = postSolution
		SolutionGuid = {1F201F2B-C3DD-4B86-A7D5-7654C20AA8DD}
	EndGlobalSection
EndGlobal
