
Microsoft Visual Studio Solution File, Format Version 12.00
# Visual Studio Version 17
VisualStudioVersion = 17.4.33205.214
MinimumVisualStudioVersion = 10.0.40219.1
Project("{FAE04EC0-301F-11D3-BF4B-00C04F79EFBC}") = "AI_lab_1", "AI_lab_1\AI_lab_1.csproj", "{172F88AC-A7BA-4BED-9A76-D8A20C436C01}"
EndProject
Global
	GlobalSection(SolutionConfigurationPlatforms) = preSolution
		Debug|Any CPU = Debug|Any CPU
		Release|Any CPU = Release|Any CPU
	EndGlobalSection
	GlobalSection(ProjectConfigurationPlatforms) = postSolution
		{172F88AC-A7BA-4BED-9A76-D8A20C436C01}.Debug|Any CPU.ActiveCfg = Debug|Any CPU
		{172F88AC-A7BA-4BED-9A76-D8A20C436C01}.Debug|Any CPU.Build.0 = Debug|Any CPU
		{172F88AC-A7BA-4BED-9A76-D8A20C436C01}.Release|Any CPU.ActiveCfg = Release|Any CPU
		{172F88AC-A7BA-4BED-9A76-D8A20C436C01}.Release|Any CPU.Build.0 = Release|Any CPU
	EndGlobalSection
	GlobalSection(SolutionProperties) = preSolution
		HideSolutionNode = FALSE
	EndGlobalSection
	GlobalSection(ExtensibilityGlobals) = postSolution
		SolutionGuid = {9071C4AE-4A65-4720-AA67-1DF71D0166E2}
	EndGlobalSection
EndGlobal
